
Microsoft Visual Studio Solution File, Format Version 12.00
# Visual Studio Version 16
VisualStudioVersion = 16.0.30517.126
MinimumVisualStudioVersion = 10.0.40219.1
Project("{FAE04EC0-301F-11D3-BF4B-00C04F79EFBC}") = "Veins.Art", "Veins.Art\Veins.Art.csproj", "{1B79DD28-47BD-4D2E-9253-54A4C09BD888}"
EndProject
Global
	GlobalSection(SolutionConfigurationPlatforms) = preSolution
		Debug|Any CPU = Debug|Any CPU
		Release|Any CPU = Release|Any CPU
	EndGlobalSection
	GlobalSection(ProjectConfigurationPlatforms) = postSolution
		{1B79DD28-47BD-4D2E-9253-54A4C09BD888}.Debug|Any CPU.ActiveCfg = Debug|Any CPU
		{1B79DD28-47BD-4D2E-9253-54A4C09BD888}.Debug|Any CPU.Build.0 = Debug|Any CPU
		{1B79DD28-47BD-4D2E-9253-54A4C09BD888}.Release|Any CPU.ActiveCfg = Release|Any CPU
		{1B79DD28-47BD-4D2E-9253-54A4C09BD888}.Release|Any CPU.Build.0 = Release|Any CPU
	EndGlobalSection
	GlobalSection(SolutionProperties) = preSolution
		HideSolutionNode = FALSE
	EndGlobalSection
	GlobalSection(ExtensibilityGlobals) = postSolution
		SolutionGuid = {0216DBB4-632B-4FAA-A077-35269ED12687}
	EndGlobalSection
EndGlobal
